
Microsoft Visual Studio Solution File, Format Version 12.00
# Visual Studio Version 16
VisualStudioVersion = 16.0.31829.152
MinimumVisualStudioVersion = 10.0.40219.1
Project("{FAE04EC0-301F-11D3-BF4B-00C04F79EFBC}") = "BasicWebScraper", "BasicWebScraper.csproj", "{1764A875-B749-4D3B-9F51-5C952583DF04}"
EndProject
Global
	GlobalSection(SolutionConfigurationPlatforms) = preSolution
		Debug|Any CPU = Debug|Any CPU
		Release|Any CPU = Release|Any CPU
	EndGlobalSection
	GlobalSection(ProjectConfigurationPlatforms) = postSolution
		{1764A875-B749-4D3B-9F51-5C952583DF04}.Debug|Any CPU.ActiveCfg = Debug|Any CPU
		{1764A875-B749-4D3B-9F51-5C952583DF04}.Debug|Any CPU.Build.0 = Debug|Any CPU
		{1764A875-B749-4D3B-9F51-5C952583DF04}.Release|Any CPU.ActiveCfg = Release|Any CPU
		{1764A875-B749-4D3B-9F51-5C952583DF04}.Release|Any CPU.Build.0 = Release|Any CPU
	EndGlobalSection
	GlobalSection(SolutionProperties) = preSolution
		HideSolutionNode = FALSE
	EndGlobalSection
	GlobalSection(ExtensibilityGlobals) = postSolution
		SolutionGuid = {AC94D2E7-8EDA-4327-A7B4-CD2554A54CB5}
	EndGlobalSection
EndGlobal
